
Microsoft Visual Studio Solution File, Format Version 12.00
# Visual Studio Version 17
VisualStudioVersion = 17.0.31903.59
MinimumVisualStudioVersion = 10.0.40219.1
Project("{2150E333-8FDC-42A3-9474-1A3956D46DE8}") = "src", "src", "{A4E36B55-A505-4D45-9079-F10501D50587}"
EndProject
Project("{FAE04EC0-301F-11D3-BF4B-00C04F79EFBC}") = "SwaggerEnrichers", "src\SwaggerEnrichers\SwaggerEnrichers.csproj", "{1B13C7F1-BB0C-4002-A68A-4EC36971834F}"
EndProject
Project("{FAE04EC0-301F-11D3-BF4B-00C04F79EFBC}") = "SwaggerEnrichers.UnitTests", "src\SwaggerEnrichers.UnitTests\SwaggerEnrichers.UnitTests.csproj", "{D1D992B7-2AC2-47C7-AEBA-61FC8AD781CC}"
EndProject
Project("{FAE04EC0-301F-11D3-BF4B-00C04F79EFBC}") = "SwaggerEnrichers.Demo", "src\SwaggerEnrichers.Demo\SwaggerEnrichers.Demo.csproj", "{585D9716-97F2-4454-802E-1994A56F79E0}"
EndProject
Global
	GlobalSection(SolutionConfigurationPlatforms) = preSolution
		Debug|Any CPU = Debug|Any CPU
		Release|Any CPU = Release|Any CPU
	EndGlobalSection
	GlobalSection(SolutionProperties) = preSolution
		HideSolutionNode = FALSE
	EndGlobalSection
	GlobalSection(ProjectConfigurationPlatforms) = postSolution
		{1B13C7F1-BB0C-4002-A68A-4EC36971834F}.Debug|Any CPU.ActiveCfg = Debug|Any CPU
		{1B13C7F1-BB0C-4002-A68A-4EC36971834F}.Debug|Any CPU.Build.0 = Debug|Any CPU
		{1B13C7F1-BB0C-4002-A68A-4EC36971834F}.Release|Any CPU.ActiveCfg = Release|Any CPU
		{1B13C7F1-BB0C-4002-A68A-4EC36971834F}.Release|Any CPU.Build.0 = Release|Any CPU
		{D1D992B7-2AC2-47C7-AEBA-61FC8AD781CC}.Debug|Any CPU.ActiveCfg = Debug|Any CPU
		{D1D992B7-2AC2-47C7-AEBA-61FC8AD781CC}.Debug|Any CPU.Build.0 = Debug|Any CPU
		{D1D992B7-2AC2-47C7-AEBA-61FC8AD781CC}.Release|Any CPU.ActiveCfg = Release|Any CPU
		{D1D992B7-2AC2-47C7-AEBA-61FC8AD781CC}.Release|Any CPU.Build.0 = Release|Any CPU
		{585D9716-97F2-4454-802E-1994A56F79E0}.Debug|Any CPU.ActiveCfg = Debug|Any CPU
		{585D9716-97F2-4454-802E-1994A56F79E0}.Debug|Any CPU.Build.0 = Debug|Any CPU
		{585D9716-97F2-4454-802E-1994A56F79E0}.Release|Any CPU.ActiveCfg = Release|Any CPU
		{585D9716-97F2-4454-802E-1994A56F79E0}.Release|Any CPU.Build.0 = Release|Any CPU
	EndGlobalSection
	GlobalSection(NestedProjects) = preSolution
		{1B13C7F1-BB0C-4002-A68A-4EC36971834F} = {A4E36B55-A505-4D45-9079-F10501D50587}
		{D1D992B7-2AC2-47C7-AEBA-61FC8AD781CC} = {A4E36B55-A505-4D45-9079-F10501D50587}
		{585D9716-97F2-4454-802E-1994A56F79E0} = {A4E36B55-A505-4D45-9079-F10501D50587}
	EndGlobalSection
EndGlobal
